
Microsoft Visual Studio Solution File, Format Version 12.00
# Visual Studio Version 17
VisualStudioVersion = 17.7.34221.43
MinimumVisualStudioVersion = 10.0.40219.1
Project("{8BC9CEB8-8B4A-11D0-8D11-00A0C91BC942}") = "some bs", "some bs\some bs.vcxproj", "{E55EA702-B677-496E-9AA9-09C554360139}"
EndProject
Global
	GlobalSection(SolutionConfigurationPlatforms) = preSolution
		Debug|x64 = Debug|x64
		Debug|x86 = Debug|x86
		Release|x64 = Release|x64
		Release|x86 = Release|x86
	EndGlobalSection
	GlobalSection(ProjectConfigurationPlatforms) = postSolution
		{E55EA702-B677-496E-9AA9-09C554360139}.Debug|x64.ActiveCfg = Debug|x64
		{E55EA702-B677-496E-9AA9-09C554360139}.Debug|x64.Build.0 = Debug|x64
		{E55EA702-B677-496E-9AA9-09C554360139}.Debug|x86.ActiveCfg = Debug|Win32
		{E55EA702-B677-496E-9AA9-09C554360139}.Debug|x86.Build.0 = Debug|Win32
		{E55EA702-B677-496E-9AA9-09C554360139}.Release|x64.ActiveCfg = Release|x64
		{E55EA702-B677-496E-9AA9-09C554360139}.Release|x64.Build.0 = Release|x64
		{E55EA702-B677-496E-9AA9-09C554360139}.Release|x86.ActiveCfg = Release|Win32
		{E55EA702-B677-496E-9AA9-09C554360139}.Release|x86.Build.0 = Release|Win32
	EndGlobalSection
	GlobalSection(SolutionProperties) = preSolution
		HideSolutionNode = FALSE
	EndGlobalSection
	GlobalSection(ExtensibilityGlobals) = postSolution
		SolutionGuid = {8D752590-59A0-409C-A9B3-7BDE1C19DCBD}
	EndGlobalSection
EndGlobal
